// !$*UTF8*$!
{
	archiveVersion = 1;
	classes = {
	};
	objectVersion = 46;
	objects = {

/* Begin PBXBuildFile section */
		77E00F99140D89020062EF79 /* UIKit.framework in Frameworks */ = {isa = PBXBuildFile; fileRef = 77E00F98140D89020062EF79 /* UIKit.framework */; };
		77E00F9B140D89020062EF79 /* Foundation.framework in Frameworks */ = {isa = PBXBuildFile; fileRef = 77E00F9A140D89020062EF79 /* Foundation.framework */; };
		77E00F9D140D89020062EF79 /* CoreGraphics.framework in Frameworks */ = {isa = PBXBuildFile; fileRef = 77E00F9C140D89020062EF79 /* CoreGraphics.framework */; };
		77E00FA3140D89020062EF79 /* InfoPlist.strings in Resources */ = {isa = PBXBuildFile; fileRef = 77E00FA1140D89020062EF79 /* InfoPlist.strings */; };
		77E00FA5140D89020062EF79 /* main.m in Sources */ = {isa = PBXBuildFile; fileRef = 77E00FA4140D89020062EF79 /* main.m */; };
		77E00FA9140D89020062EF79 /* GitProjectAppDelegate.m in Sources */ = {isa = PBXBuildFile; fileRef = 77E00FA8140D89020062EF79 /* GitProjectAppDelegate.m */; };
		77E00FAC140D89020062EF79 /* MainWindow.xib in Resources */ = {isa = PBXBuildFile; fileRef = 77E00FAA140D89020062EF79 /* MainWindow.xib */; };
		77E00FAF140D89020062EF79 /* RootViewController.m in Sources */ = {isa = PBXBuildFile; fileRef = 77E00FAE140D89020062EF79 /* RootViewController.m */; };
		77E00FB2140D89020062EF79 /* RootViewController.xib in Resources */ = {isa = PBXBuildFile; fileRef = 77E00FB0140D89020062EF79 /* RootViewController.xib */; };
/* End PBXBuildFile section */

/* Begin PBXFileReference section */
		77E00F94140D89020062EF79 /* GitProject.app */ = {isa = PBXFileReference; explicitFileType = wrapper.application; includeInIndex = 0; path = GitProject.app; sourceTree = BUILT_PRODUCTS_DIR; };
		77E00F98140D89020062EF79 /* UIKit.framework */ = {isa = PBXFileReference; lastKnownFileType = wrapper.framework; name = UIKit.framework; path = System/Library/Frameworks/UIKit.framework; sourceTree = SDKROOT; };
		77E00F9A140D89020062EF79 /* Foundation.framework */ = {isa = PBXFileReference; lastKnownFileType = wrapper.framework; name = Foundation.framework; path = System/Library/Frameworks/Foundation.framework; sourceTree = SDKROOT; };
		77E00F9C140D89020062EF79 /* CoreGraphics.framework */ = {isa = PBXFileReference; lastKnownFileType = wrapper.framework; name = CoreGraphics.framework; path = System/Library/Frameworks/CoreGraphics.framework; sourceTree = SDKROOT; };
		77E00FA0140D89020062EF79 /* GitProject-Info.plist */ = {isa = PBXFileReference; path = "GitProject-Info.plist"; sourceTree = "<group>"; };
		77E00FA2140D89020062EF79 /* en */ = {isa = PBXFileReference; lastKnownFileType = text.plist.strings; name = en; path = en.lproj/InfoPlist.strings; sourceTree = "<group>"; };
		77E00FA4140D89020062EF79 /* main.m */ = {isa = PBXFileReference; lastKnownFileType = sourcecode.c.objc; path = main.m; sourceTree = "<group>"; };
		77E00FA6140D89020062EF79 /* GitProject-Prefix.pch */ = {isa = PBXFileReference; path = "GitProject-Prefix.pch"; sourceTree = "<group>"; };
		77E00FA7140D89020062EF79 /* GitProjectAppDelegate.h */ = {isa = PBXFileReference; path = GitProjectAppDelegate.h; sourceTree = "<group>"; };
		77E00FA8140D89020062EF79 /* GitProjectAppDelegate.m */ = {isa = PBXFileReference; lastKnownFileType = sourcecode.c.objc; path = GitProjectAppDelegate.m; sourceTree = "<group>"; };
		77E00FAB140D89020062EF79 /* en */ = {isa = PBXFileReference; lastKnownFileType = file.xib; name = en; path = en.lproj/MainWindow.xib; sourceTree = "<group>"; };
		77E00FAD140D89020062EF79 /* RootViewController.h */ = {isa = PBXFileReference; path = RootViewController.h; sourceTree = "<group>"; };
		77E00FAE140D89020062EF79 /* RootViewController.m */ = {isa = PBXFileReference; lastKnownFileType = sourcecode.c.objc; path = RootViewController.m; sourceTree = "<group>"; };
		77E00FB1140D89020062EF79 /* en */ = {isa = PBXFileReference; lastKnownFileType = file.xib; name = en; path = en.lproj/RootViewController.xib; sourceTree = "<group>"; };
/* End PBXFileReference section */

/* Begin PBXFrameworksBuildPhase section */
		77E00F91140D89020062EF79 /* Frameworks */ = {
			isa = PBXFrameworksBuildPhase;
			buildActionMask = 2147483647;
			files = (
				77E00F99140D89020062EF79 /* UIKit.framework in Frameworks */,
				77E00F9B140D89020062EF79 /* Foundation.framework in Frameworks */,
				77E00F9D140D89020062EF79 /* CoreGraphics.framework in Frameworks */,
			);
			runOnlyForDeploymentPostprocessing = 0;
		};
/* End PBXFrameworksBuildPhase section */

/* Begin PBXGroup section */
		77E00F89140D89020062EF79 = {
			isa = PBXGroup;
			children = (
				77E00F9E140D89020062EF79 /* GitProject */,
				77E00F97140D89020062EF79 /* Frameworks */,
				77E00F95140D89020062EF79 /* Products */,
			);
			sourceTree = "<group>";
		};
		77E00F95140D89020062EF79 /* Products */ = {
			isa = PBXGroup;
			children = (
				77E00F94140D89020062EF79 /* GitProject.app */,
			);
			name = Products;
			sourceTree = "<group>";
		};
		77E00F97140D89020062EF79 /* Frameworks */ = {
			isa = PBXGroup;
			children = (
				77E00F98140D89020062EF79 /* UIKit.framework */,
				77E00F9A140D89020062EF79 /* Foundation.framework */,
				77E00F9C140D89020062EF79 /* CoreGraphics.framework */,
			);
			name = Frameworks;
			sourceTree = "<group>";
		};
		77E00F9E140D89020062EF79 /* GitProject */ = {
			isa = PBXGroup;
			children = (
				77E00FA7140D89020062EF79 /* GitProjectAppDelegate.h */,
				77E00FA8140D89020062EF79 /* GitProjectAppDelegate.m */,
				77E00FAA140D89020062EF79 /* MainWindow.xib */,
				77E00FAD140D89020062EF79 /* RootViewController.h */,
				77E00FAE140D89020062EF79 /* RootViewController.m */,
				77E00FB0140D89020062EF79 /* RootViewController.xib */,
				77E00F9F140D89020062EF79 /* Supporting Files */,
			);
			path = GitProject;
			sourceTree = "<group>";
		};
		77E00F9F140D89020062EF79 /* Supporting Files */ = {
			isa = PBXGroup;
			children = (
				77E00FA0140D89020062EF79 /* GitProject-Info.plist */,
				77E00FA1140D89020062EF79 /* InfoPlist.strings */,
				77E00FA4140D89020062EF79 /* main.m */,
				77E00FA6140D89020062EF79 /* GitProject-Prefix.pch */,
			);
			name = "Supporting Files";
			sourceTree = "<group>";
		};
/* End PBXGroup section */

/* Begin PBXNativeTarget section */
		77E00F93140D89020062EF79 /* GitProject */ = {
			isa = PBXNativeTarget;
			buildConfigurationList = 77E00FB5140D89020062EF79 /* Build configuration list for PBXNativeTarget "GitProject" */;
			buildPhases = (
				77E00F90140D89020062EF79 /* Sources */,
				77E00F91140D89020062EF79 /* Frameworks */,
				77E00F92140D89020062EF79 /* Resources */,
			);
			buildRules = (
			);
			dependencies = (
			);
			name = GitProject;
			productName = GitProject;
			productReference = 77E00F94140D89020062EF79 /* GitProject.app */;
			productType = "com.apple.product-type.application";
		};
/* End PBXNativeTarget section */

/* Begin PBXProject section */
		77E00F8B140D89020062EF79 /* Project object */ = {
			isa = PBXProject;
			attributes = {
				ORGANIZATIONNAME = "Round Top Cottages";
			};
			buildConfigurationList = 77E00F8E140D89020062EF79 /* Build configuration list for PBXProject "GitProject" */;
			compatibilityVersion = "Xcode 3.2";
			developmentRegion = English;
			hasScannedForEncodings = 0;
			knownRegions = (
				en,
			);
			mainGroup = 77E00F89140D89020062EF79;
			productRefGroup = 77E00F95140D89020062EF79 /* Products */;
			projectDirPath = "";
			projectRoot = "";
			targets = (
				77E00F93140D89020062EF79 /* GitProject */,
			);
		};
/* End PBXProject section */

/* Begin PBXResourcesBuildPhase section */
		77E00F92140D89020062EF79 /* Resources */ = {
			isa = PBXResourcesBuildPhase;
			buildActionMask = 2147483647;
			files = (
				77E00FA3140D89020062EF79 /* InfoPlist.strings in Resources */,
				77E00FAC140D89020062EF79 /* MainWindow.xib in Resources */,
				77E00FB2140D89020062EF79 /* RootViewController.xib in Resources */,
			);
			runOnlyForDeploymentPostprocessing = 0;
		};
/* End PBXResourcesBuildPhase section */

/* Begin PBXSourcesBuildPhase section */
		77E00F90140D89020062EF79 /* Sources */ = {
			isa = PBXSourcesBuildPhase;
			buildActionMask = 2147483647;
			files = (
				77E00FA5140D89020062EF79 /* main.m in Sources */,
				77E00FA9140D89020062EF79 /* GitProjectAppDelegate.m in Sources */,
				77E00FAF140D89020062EF79 /* RootViewController.m in Sources */,
			);
			runOnlyForDeploymentPostprocessing = 0;
		};
/* End PBXSourcesBuildPhase section */

/* Begin PBXVariantGroup section */
		77E00FA1140D89020062EF79 /* InfoPlist.strings */ = {
			isa = PBXVariantGroup;
			children = (
				77E00FA2140D89020062EF79 /* en */,
			);
			name = InfoPlist.strings;
			sourceTree = "<group>";
		};
		77E00FAA140D89020062EF79 /* MainWindow.xib */ = {
			isa = PBXVariantGroup;
			children = (
				77E00FAB140D89020062EF79 /* en */,
			);
			name = MainWindow.xib;
			sourceTree = "<group>";
		};
		77E00FB0140D89020062EF79 /* RootViewController.xib */ = {
			isa = PBXVariantGroup;
			children = (
				77E00FB1140D89020062EF79 /* en */,
			);
			name = RootViewController.xib;
			sourceTree = "<group>";
		};
/* End PBXVariantGroup section */

/* Begin XCBuildConfiguration section */
		77E00FB3140D89020062EF79 /* Debug */ = {
			isa = XCBuildConfiguration;
			buildSettings = {
				ALWAYS_SEARCH_USER_PATHS = NO;
				ARCHS = "$(ARCHS_STANDARD_32_BIT)";
				"CODE_SIGN_IDENTITY[sdk=iphoneos*]" = "iPhone Developer";
				COPY_PHASE_STRIP = NO;
				GCC_C_LANGUAGE_STANDARD = gnu99;
				GCC_DYNAMIC_NO_PIC = NO;
				GCC_OPTIMIZATION_LEVEL = 0;
				GCC_PREPROCESSOR_DEFINITIONS = (
					"DEBUG=1",
					"$(inherited)",
				);
				GCC_SYMBOLS_PRIVATE_EXTERN = NO;
				GCC_VERSION = com.apple.compilers.llvmgcc42;
				GCC_WARN_ABOUT_MISSING_PROTOTYPES = YES;
				GCC_WARN_ABOUT_RETURN_TYPE = YES;
				GCC_WARN_UNUSED_VARIABLE = YES;
				IPHONEOS_DEPLOYMENT_TARGET = 4.3;
				SDKROOT = iphoneos;
			};
			name = Debug;
		};
		77E00FB4140D89020062EF79 /* Release */ = {
			isa = XCBuildConfiguration;
			buildSettings = {
				ALWAYS_SEARCH_USER_PATHS = NO;
				ARCHS = "$(ARCHS_STANDARD_32_BIT)";
				"CODE_SIGN_IDENTITY[sdk=iphoneos*]" = "iPhone Developer";
				COPY_PHASE_STRIP = YES;
				GCC_C_LANGUAGE_STANDARD = gnu99;
				GCC_VERSION = com.apple.compilers.llvmgcc42;
				GCC_WARN_ABOUT_MISSING_PROTOTYPES = YES;
				GCC_WARN_ABOUT_RETURN_TYPE = YES;
				GCC_WARN_UNUSED_VARIABLE = YES;
				IPHONEOS_DEPLOYMENT_TARGET = 4.3;
				OTHER_CFLAGS = "-DNS_BLOCK_ASSERTIONS=1";
				SDKROOT = iphoneos;
				VALIDATE_PRODUCT = YES;
			};
			name = Release;
		};
		77E00FB6140D89020062EF79 /* Debug */ = {
			isa = XCBuildConfiguration;
			buildSettings = {
				GCC_PRECOMPILE_PREFIX_HEADER = YES;
				GCC_PREFIX_HEADER = "GitProject/GitProject-Prefix.pch";
				INFOPLIST_FILE = "GitProject/GitProject-Info.plist";
				PRODUCT_NAME = "$(TARGET_NAME)";
				WRAPPER_EXTENSION = app;
			};
			name = Debug;
		};
		77E00FB7140D89020062EF79 /* Release */ = {
			isa = XCBuildConfiguration;
			buildSettings = {
				GCC_PRECOMPILE_PREFIX_HEADER = YES;
				GCC_PREFIX_HEADER = "GitProject/GitProject-Prefix.pch";
				INFOPLIST_FILE = "GitProject/GitProject-Info.plist";
				PRODUCT_NAME = "$(TARGET_NAME)";
				WRAPPER_EXTENSION = app;
			};
			name = Release;
		};
/* End XCBuildConfiguration section */

/* Begin XCConfigurationList section */
		77E00F8E140D89020062EF79 /* Build configuration list for PBXProject "GitProject" */ = {
			isa = XCConfigurationList;
			buildConfigurations = (
				77E00FB3140D89020062EF79 /* Debug */,
				77E00FB4140D89020062EF79 /* Release */,
			);
			defaultConfigurationIsVisible = 0;
			defaultConfigurationName = Release;
		};
		77E00FB5140D89020062EF79 /* Build configuration list for PBXNativeTarget "GitProject" */ = {
			isa = XCConfigurationList;
			buildConfigurations = (
				77E00FB6140D89020062EF79 /* Debug */,
				77E00FB7140D89020062EF79 /* Release */,
			);
			defaultConfigurationIsVisible = 0;
		};
/* End XCConfigurationList section */
	};
	rootObject = 77E00F8B140D89020062EF79 /* Project object */;
}
